
Microsoft Visual Studio Solution File, Format Version 12.00
# Visual Studio Version 16
VisualStudioVersion = 16.0.30114.105
MinimumVisualStudioVersion = 10.0.40219.1
Project("{FAE04EC0-301F-11D3-BF4B-00C04F79EFBC}") = "TutProgram", "TutProgram\TutProgram.csproj", "{5F6318A9-040F-4497-9E87-8CAFA5191E55}"
EndProject
Global
	GlobalSection(SolutionConfigurationPlatforms) = preSolution
		Debug|Any CPU = Debug|Any CPU
		Release|Any CPU = Release|Any CPU
	EndGlobalSection
	GlobalSection(ProjectConfigurationPlatforms) = postSolution
		{5F6318A9-040F-4497-9E87-8CAFA5191E55}.Debug|Any CPU.ActiveCfg = Debug|Any CPU
		{5F6318A9-040F-4497-9E87-8CAFA5191E55}.Debug|Any CPU.Build.0 = Debug|Any CPU
		{5F6318A9-040F-4497-9E87-8CAFA5191E55}.Release|Any CPU.ActiveCfg = Release|Any CPU
		{5F6318A9-040F-4497-9E87-8CAFA5191E55}.Release|Any CPU.Build.0 = Release|Any CPU
	EndGlobalSection
	GlobalSection(SolutionProperties) = preSolution
		HideSolutionNode = FALSE
	EndGlobalSection
	GlobalSection(ExtensibilityGlobals) = postSolution
		SolutionGuid = {B1A661C2-3CB8-4B13-A2E4-45FD485DD1BB}
	EndGlobalSection
EndGlobal
